
Microsoft Visual Studio Solution File, Format Version 12.00
# Visual Studio Version 16
VisualStudioVersion = 16.0.29920.165
MinimumVisualStudioVersion = 10.0.40219.1
Project("{9A19103F-16F7-4668-BE54-9A1E7A4F7556}") = "Ktos.AspNetCore.Authentication.ApiKeyHeader", "src\Ktos.AspNetCore.Authentication.ApiKeyHeader.csproj", "{6E853B99-F93D-402E-83F4-E49ACB8AA746}"
EndProject
Project("{9A19103F-16F7-4668-BE54-9A1E7A4F7556}") = "Ktos.AspNetCore.Authentication.ApiKeyHeader.Tests", "test\Ktos.AspNetCore.Authentication.ApiKeyHeader.Tests.csproj", "{445D7161-C28F-44CA-87A4-EA393575506E}"
EndProject
Global
	GlobalSection(SolutionConfigurationPlatforms) = preSolution
		Debug|Any CPU = Debug|Any CPU
		Release|Any CPU = Release|Any CPU
	EndGlobalSection
	GlobalSection(ProjectConfigurationPlatforms) = postSolution
		{6E853B99-F93D-402E-83F4-E49ACB8AA746}.Debug|Any CPU.ActiveCfg = Debug|Any CPU
		{6E853B99-F93D-402E-83F4-E49ACB8AA746}.Debug|Any CPU.Build.0 = Debug|Any CPU
		{6E853B99-F93D-402E-83F4-E49ACB8AA746}.Release|Any CPU.ActiveCfg = Release|Any CPU
		{6E853B99-F93D-402E-83F4-E49ACB8AA746}.Release|Any CPU.Build.0 = Release|Any CPU
		{445D7161-C28F-44CA-87A4-EA393575506E}.Debug|Any CPU.ActiveCfg = Debug|Any CPU
		{445D7161-C28F-44CA-87A4-EA393575506E}.Debug|Any CPU.Build.0 = Debug|Any CPU
		{445D7161-C28F-44CA-87A4-EA393575506E}.Release|Any CPU.ActiveCfg = Release|Any CPU
		{445D7161-C28F-44CA-87A4-EA393575506E}.Release|Any CPU.Build.0 = Release|Any CPU
	EndGlobalSection
	GlobalSection(SolutionProperties) = preSolution
		HideSolutionNode = FALSE
	EndGlobalSection
	GlobalSection(ExtensibilityGlobals) = postSolution
		SolutionGuid = {35EA8265-1E39-4E13-888B-5F53F66CCAEC}
	EndGlobalSection
EndGlobal
